
Microsoft Visual Studio Solution File, Format Version 12.00
# Visual Studio 15
VisualStudioVersion = 15.0.27130.2027
MinimumVisualStudioVersion = 10.0.40219.1
Project("{FAE04EC0-301F-11D3-BF4B-00C04F79EFBC}") = "gercek radıo programı", "gercek radıo programı\gercek radıo programı.csproj", "{1507FED6-55DD-472B-A219-3D93195AC1A3}"
EndProject
Global
	GlobalSection(SolutionConfigurationPlatforms) = preSolution
		Debug|Any CPU = Debug|Any CPU
		Release|Any CPU = Release|Any CPU
	EndGlobalSection
	GlobalSection(ProjectConfigurationPlatforms) = postSolution
		{1507FED6-55DD-472B-A219-3D93195AC1A3}.Debug|Any CPU.ActiveCfg = Debug|Any CPU
		{1507FED6-55DD-472B-A219-3D93195AC1A3}.Debug|Any CPU.Build.0 = Debug|Any CPU
		{1507FED6-55DD-472B-A219-3D93195AC1A3}.Release|Any CPU.ActiveCfg = Release|Any CPU
		{1507FED6-55DD-472B-A219-3D93195AC1A3}.Release|Any CPU.Build.0 = Release|Any CPU
	EndGlobalSection
	GlobalSection(SolutionProperties) = preSolution
		HideSolutionNode = FALSE
	EndGlobalSection
	GlobalSection(ExtensibilityGlobals) = postSolution
		SolutionGuid = {8A350691-5F2E-49FC-80AD-8CD36782C103}
	EndGlobalSection
EndGlobal
